// !$*UTF8*$!
{
	archiveVersion = 1;
	classes = {
	};
	objectVersion = 46;
	objects = {

/* Begin PBXBuildFile section */
		79B1307C1DACF13500A2B8B0 /* AppDelegate.swift in Sources */ = {isa = PBXBuildFile; fileRef = 79B1307B1DACF13500A2B8B0 /* AppDelegate.swift */; };
		79B1307E1DACF13500A2B8B0 /* ViewController.swift in Sources */ = {isa = PBXBuildFile; fileRef = 79B1307D1DACF13500A2B8B0 /* ViewController.swift */; };
		79B130811DACF13500A2B8B0 /* Main.storyboard in Resources */ = {isa = PBXBuildFile; fileRef = 79B1307F1DACF13500A2B8B0 /* Main.storyboard */; };
		79B130831DACF13500A2B8B0 /* Assets.xcassets in Resources */ = {isa = PBXBuildFile; fileRef = 79B130821DACF13500A2B8B0 /* Assets.xcassets */; };
		79B130861DACF13500A2B8B0 /* LaunchScreen.storyboard in Resources */ = {isa = PBXBuildFile; fileRef = 79B130841DACF13500A2B8B0 /* LaunchScreen.storyboard */; };
		79B130911DACF13500A2B8B0 /* RojakTests.swift in Sources */ = {isa = PBXBuildFile; fileRef = 79B130901DACF13500A2B8B0 /* RojakTests.swift */; };
		79B1309C1DACF13500A2B8B0 /* RojakUITests.swift in Sources */ = {isa = PBXBuildFile; fileRef = 79B1309B1DACF13500A2B8B0 /* RojakUITests.swift */; };
/* End PBXBuildFile section */

/* Begin PBXContainerItemProxy section */
		79B1308D1DACF13500A2B8B0 /* PBXContainerItemProxy */ = {
			isa = PBXContainerItemProxy;
			containerPortal = 79B130701DACF13500A2B8B0 /* Project object */;
			proxyType = 1;
			remoteGlobalIDString = 79B130771DACF13500A2B8B0;
			remoteInfo = Rojak;
		};
		79B130981DACF13500A2B8B0 /* PBXContainerItemProxy */ = {
			isa = PBXContainerItemProxy;
			containerPortal = 79B130701DACF13500A2B8B0 /* Project object */;
			proxyType = 1;
			remoteGlobalIDString = 79B130771DACF13500A2B8B0;
			remoteInfo = Rojak;
		};
/* End PBXContainerItemProxy section */

/* Begin PBXFileReference section */
		79B130781DACF13500A2B8B0 /* Rojak.app */ = {isa = PBXFileReference; explicitFileType = wrapper.application; includeInIndex = 0; path = Rojak.app; sourceTree = BUILT_PRODUCTS_DIR; };
		79B1307B1DACF13500A2B8B0 /* AppDelegate.swift */ = {isa = PBXFileReference; lastKnownFileType = sourcecode.swift; path = AppDelegate.swift; sourceTree = "<group>"; };
		79B1307D1DACF13500A2B8B0 /* ViewController.swift */ = {isa = PBXFileReference; lastKnownFileType = sourcecode.swift; path = ViewController.swift; sourceTree = "<group>"; };
		79B130801DACF13500A2B8B0 /* Base */ = {isa = PBXFileReference; lastKnownFileType = file.storyboard; name = Base; path = Base.lproj/Main.storyboard; sourceTree = "<group>"; };
		79B130821DACF13500A2B8B0 /* Assets.xcassets */ = {isa = PBXFileReference; lastKnownFileType = folder.assetcatalog; path = Assets.xcassets; sourceTree = "<group>"; };
		79B130851DACF13500A2B8B0 /* Base */ = {isa = PBXFileReference; lastKnownFileType = file.storyboard; name = Base; path = Base.lproj/LaunchScreen.storyboard; sourceTree = "<group>"; };
		79B130871DACF13500A2B8B0 /* Info.plist */ = {isa = PBXFileReference; lastKnownFileType = text.plist.xml; path = Info.plist; sourceTree = "<group>"; };
		79B1308C1DACF13500A2B8B0 /* RojakTests.xctest */ = {isa = PBXFileReference; explicitFileType = wrapper.cfbundle; includeInIndex = 0; path = RojakTests.xctest; sourceTree = BUILT_PRODUCTS_DIR; };
		79B130901DACF13500A2B8B0 /* RojakTests.swift */ = {isa = PBXFileReference; lastKnownFileType = sourcecode.swift; path = RojakTests.swift; sourceTree = "<group>"; };
		79B130921DACF13500A2B8B0 /* Info.plist */ = {isa = PBXFileReference; lastKnownFileType = text.plist.xml; path = Info.plist; sourceTree = "<group>"; };
		79B130971DACF13500A2B8B0 /* RojakUITests.xctest */ = {isa = PBXFileReference; explicitFileType = wrapper.cfbundle; includeInIndex = 0; path = RojakUITests.xctest; sourceTree = BUILT_PRODUCTS_DIR; };
		79B1309B1DACF13500A2B8B0 /* RojakUITests.swift */ = {isa = PBXFileReference; lastKnownFileType = sourcecode.swift; path = RojakUITests.swift; sourceTree = "<group>"; };
		79B1309D1DACF13500A2B8B0 /* Info.plist */ = {isa = PBXFileReference; lastKnownFileType = text.plist.xml; path = Info.plist; sourceTree = "<group>"; };
/* End PBXFileReference section */

/* Begin PBXFrameworksBuildPhase section */
		79B130751DACF13500A2B8B0 /* Frameworks */ = {
			isa = PBXFrameworksBuildPhase;
			buildActionMask = 2147483647;
			files = (
			);
			runOnlyForDeploymentPostprocessing = 0;
		};
		79B130891DACF13500A2B8B0 /* Frameworks */ = {
			isa = PBXFrameworksBuildPhase;
			buildActionMask = 2147483647;
			files = (
			);
			runOnlyForDeploymentPostprocessing = 0;
		};
		79B130941DACF13500A2B8B0 /* Frameworks */ = {
			isa = PBXFrameworksBuildPhase;
			buildActionMask = 2147483647;
			files = (
			);
			runOnlyForDeploymentPostprocessing = 0;
		};
/* End PBXFrameworksBuildPhase section */

/* Begin PBXGroup section */
		79B1306F1DACF13500A2B8B0 = {
			isa = PBXGroup;
			children = (
				79B1307A1DACF13500A2B8B0 /* Rojak */,
				79B1308F1DACF13500A2B8B0 /* RojakTests */,
				79B1309A1DACF13500A2B8B0 /* RojakUITests */,
				79B130791DACF13500A2B8B0 /* Products */,
			);
			sourceTree = "<group>";
		};
		79B130791DACF13500A2B8B0 /* Products */ = {
			isa = PBXGroup;
			children = (
				79B130781DACF13500A2B8B0 /* Rojak.app */,
				79B1308C1DACF13500A2B8B0 /* RojakTests.xctest */,
				79B130971DACF13500A2B8B0 /* RojakUITests.xctest */,
			);
			name = Products;
			sourceTree = "<group>";
		};
		79B1307A1DACF13500A2B8B0 /* Rojak */ = {
			isa = PBXGroup;
			children = (
				79B1307B1DACF13500A2B8B0 /* AppDelegate.swift */,
				79B1307D1DACF13500A2B8B0 /* ViewController.swift */,
				79B1307F1DACF13500A2B8B0 /* Main.storyboard */,
				79B130821DACF13500A2B8B0 /* Assets.xcassets */,
				79B130841DACF13500A2B8B0 /* LaunchScreen.storyboard */,
				79B130871DACF13500A2B8B0 /* Info.plist */,
			);
			path = Rojak;
			sourceTree = "<group>";
		};
		79B1308F1DACF13500A2B8B0 /* RojakTests */ = {
			isa = PBXGroup;
			children = (
				79B130901DACF13500A2B8B0 /* RojakTests.swift */,
				79B130921DACF13500A2B8B0 /* Info.plist */,
			);
			path = RojakTests;
			sourceTree = "<group>";
		};
		79B1309A1DACF13500A2B8B0 /* RojakUITests */ = {
			isa = PBXGroup;
			children = (
				79B1309B1DACF13500A2B8B0 /* RojakUITests.swift */,
				79B1309D1DACF13500A2B8B0 /* Info.plist */,
			);
			path = RojakUITests;
			sourceTree = "<group>";
		};
/* End PBXGroup section */

/* Begin PBXNativeTarget section */
		79B130771DACF13500A2B8B0 /* Rojak */ = {
			isa = PBXNativeTarget;
			buildConfigurationList = 79B130A01DACF13500A2B8B0 /* Build configuration list for PBXNativeTarget "Rojak" */;
			buildPhases = (
				79B130741DACF13500A2B8B0 /* Sources */,
				79B130751DACF13500A2B8B0 /* Frameworks */,
				79B130761DACF13500A2B8B0 /* Resources */,
			);
			buildRules = (
			);
			dependencies = (
			);
			name = Rojak;
			productName = Rojak;
			productReference = 79B130781DACF13500A2B8B0 /* Rojak.app */;
			productType = "com.apple.product-type.application";
		};
		79B1308B1DACF13500A2B8B0 /* RojakTests */ = {
			isa = PBXNativeTarget;
			buildConfigurationList = 79B130A31DACF13500A2B8B0 /* Build configuration list for PBXNativeTarget "RojakTests" */;
			buildPhases = (
				79B130881DACF13500A2B8B0 /* Sources */,
				79B130891DACF13500A2B8B0 /* Frameworks */,
				79B1308A1DACF13500A2B8B0 /* Resources */,
			);
			buildRules = (
			);
			dependencies = (
				79B1308E1DACF13500A2B8B0 /* PBXTargetDependency */,
			);
			name = RojakTests;
			productName = RojakTests;
			productReference = 79B1308C1DACF13500A2B8B0 /* RojakTests.xctest */;
			productType = "com.apple.product-type.bundle.unit-test";
		};
		79B130961DACF13500A2B8B0 /* RojakUITests */ = {
			isa = PBXNativeTarget;
			buildConfigurationList = 79B130A61DACF13500A2B8B0 /* Build configuration list for PBXNativeTarget "RojakUITests" */;
			buildPhases = (
				79B130931DACF13500A2B8B0 /* Sources */,
				79B130941DACF13500A2B8B0 /* Frameworks */,
				79B130951DACF13500A2B8B0 /* Resources */,
			);
			buildRules = (
			);
			dependencies = (
				79B130991DACF13500A2B8B0 /* PBXTargetDependency */,
			);
			name = RojakUITests;
			productName = RojakUITests;
			productReference = 79B130971DACF13500A2B8B0 /* RojakUITests.xctest */;
			productType = "com.apple.product-type.bundle.ui-testing";
		};
/* End PBXNativeTarget section */

/* Begin PBXProject section */
		79B130701DACF13500A2B8B0 /* Project object */ = {
			isa = PBXProject;
			attributes = {
				LastSwiftUpdateCheck = 0800;
				LastUpgradeCheck = 0800;
				ORGANIZATIONNAME = "Rojak Team";
				TargetAttributes = {
					79B130771DACF13500A2B8B0 = {
						CreatedOnToolsVersion = 8.0;
						DevelopmentTeam = KP79W26TNA;
						ProvisioningStyle = Automatic;
					};
					79B1308B1DACF13500A2B8B0 = {
						CreatedOnToolsVersion = 8.0;
						DevelopmentTeam = KP79W26TNA;
						ProvisioningStyle = Automatic;
						TestTargetID = 79B130771DACF13500A2B8B0;
					};
					79B130961DACF13500A2B8B0 = {
						CreatedOnToolsVersion = 8.0;
						DevelopmentTeam = KP79W26TNA;
						ProvisioningStyle = Automatic;
						TestTargetID = 79B130771DACF13500A2B8B0;
					};
				};
			};
			buildConfigurationList = 79B130731DACF13500A2B8B0 /* Build configuration list for PBXProject "Rojak" */;
			compatibilityVersion = "Xcode 3.2";
			developmentRegion = English;
			hasScannedForEncodings = 0;
			knownRegions = (
				en,
				Base,
			);
			mainGroup = 79B1306F1DACF13500A2B8B0;
			productRefGroup = 79B130791DACF13500A2B8B0 /* Products */;
			projectDirPath = "";
			projectRoot = "";
			targets = (
				79B130771DACF13500A2B8B0 /* Rojak */,
				79B1308B1DACF13500A2B8B0 /* RojakTests */,
				79B130961DACF13500A2B8B0 /* RojakUITests */,
			);
		};
/* End PBXProject section */

/* Begin PBXResourcesBuildPhase section */
		79B130761DACF13500A2B8B0 /* Resources */ = {
			isa = PBXResourcesBuildPhase;
			buildActionMask = 2147483647;
			files = (
				79B130861DACF13500A2B8B0 /* LaunchScreen.storyboard in Resources */,
				79B130831DACF13500A2B8B0 /* Assets.xcassets in Resources */,
				79B130811DACF13500A2B8B0 /* Main.storyboard in Resources */,
			);
			runOnlyForDeploymentPostprocessing = 0;
		};
		79B1308A1DACF13500A2B8B0 /* Resources */ = {
			isa = PBXResourcesBuildPhase;
			buildActionMask = 2147483647;
			files = (
			);
			runOnlyForDeploymentPostprocessing = 0;
		};
		79B130951DACF13500A2B8B0 /* Resources */ = {
			isa = PBXResourcesBuildPhase;
			buildActionMask = 2147483647;
			files = (
			);
			runOnlyForDeploymentPostprocessing = 0;
		};
/* End PBXResourcesBuildPhase section */

/* Begin PBXSourcesBuildPhase section */
		79B130741DACF13500A2B8B0 /* Sources */ = {
			isa = PBXSourcesBuildPhase;
			buildActionMask = 2147483647;
			files = (
				79B1307E1DACF13500A2B8B0 /* ViewController.swift in Sources */,
				79B1307C1DACF13500A2B8B0 /* AppDelegate.swift in Sources */,
			);
			runOnlyForDeploymentPostprocessing = 0;
		};
		79B130881DACF13500A2B8B0 /* Sources */ = {
			isa = PBXSourcesBuildPhase;
			buildActionMask = 2147483647;
			files = (
				79B130911DACF13500A2B8B0 /* RojakTests.swift in Sources */,
			);
			runOnlyForDeploymentPostprocessing = 0;
		};
		79B130931DACF13500A2B8B0 /* Sources */ = {
			isa = PBXSourcesBuildPhase;
			buildActionMask = 2147483647;
			files = (
				79B1309C1DACF13500A2B8B0 /* RojakUITests.swift in Sources */,
			);
			runOnlyForDeploymentPostprocessing = 0;
		};
/* End PBXSourcesBuildPhase section */

/* Begin PBXTargetDependency section */
		79B1308E1DACF13500A2B8B0 /* PBXTargetDependency */ = {
			isa = PBXTargetDependency;
			target = 79B130771DACF13500A2B8B0 /* Rojak */;
			targetProxy = 79B1308D1DACF13500A2B8B0 /* PBXContainerItemProxy */;
		};
		79B130991DACF13500A2B8B0 /* PBXTargetDependency */ = {
			isa = PBXTargetDependency;
			target = 79B130771DACF13500A2B8B0 /* Rojak */;
			targetProxy = 79B130981DACF13500A2B8B0 /* PBXContainerItemProxy */;
		};
/* End PBXTargetDependency section */

/* Begin PBXVariantGroup section */
		79B1307F1DACF13500A2B8B0 /* Main.storyboard */ = {
			isa = PBXVariantGroup;
			children = (
				79B130801DACF13500A2B8B0 /* Base */,
			);
			name = Main.storyboard;
			sourceTree = "<group>";
		};
		79B130841DACF13500A2B8B0 /* LaunchScreen.storyboard */ = {
			isa = PBXVariantGroup;
			children = (
				79B130851DACF13500A2B8B0 /* Base */,
			);
			name = LaunchScreen.storyboard;
			sourceTree = "<group>";
		};
/* End PBXVariantGroup section */

/* Begin XCBuildConfiguration section */
		79B1309E1DACF13500A2B8B0 /* Debug */ = {
			isa = XCBuildConfiguration;
			buildSettings = {
				ALWAYS_SEARCH_USER_PATHS = NO;
				CLANG_ANALYZER_NONNULL = YES;
				CLANG_CXX_LANGUAGE_STANDARD = "gnu++0x";
				CLANG_CXX_LIBRARY = "libc++";
				CLANG_ENABLE_MODULES = YES;
				CLANG_ENABLE_OBJC_ARC = YES;
				CLANG_WARN_BOOL_CONVERSION = YES;
				CLANG_WARN_CONSTANT_CONVERSION = YES;
				CLANG_WARN_DIRECT_OBJC_ISA_USAGE = YES_ERROR;
				CLANG_WARN_DOCUMENTATION_COMMENTS = YES;
				CLANG_WARN_EMPTY_BODY = YES;
				CLANG_WARN_ENUM_CONVERSION = YES;
				CLANG_WARN_INFINITE_RECURSION = YES;
				CLANG_WARN_INT_CONVERSION = YES;
				CLANG_WARN_OBJC_ROOT_CLASS = YES_ERROR;
				CLANG_WARN_SUSPICIOUS_MOVES = YES;
				CLANG_WARN_UNREACHABLE_CODE = YES;
				CLANG_WARN__DUPLICATE_METHOD_MATCH = YES;
				"CODE_SIGN_IDENTITY[sdk=iphoneos*]" = "iPhone Developer";
				COPY_PHASE_STRIP = NO;
				DEBUG_INFORMATION_FORMAT = dwarf;
				ENABLE_STRICT_OBJC_MSGSEND = YES;
				ENABLE_TESTABILITY = YES;
				GCC_C_LANGUAGE_STANDARD = gnu99;
				GCC_DYNAMIC_NO_PIC = NO;
				GCC_NO_COMMON_BLOCKS = YES;
				GCC_OPTIMIZATION_LEVEL = 0;
				GCC_PREPROCESSOR_DEFINITIONS = (
					"DEBUG=1",
					"$(inherited)",
				);
				GCC_WARN_64_TO_32_BIT_CONVERSION = YES;
				GCC_WARN_ABOUT_RETURN_TYPE = YES_ERROR;
				GCC_WARN_UNDECLARED_SELECTOR = YES;
				GCC_WARN_UNINITIALIZED_AUTOS = YES_AGGRESSIVE;
				GCC_WARN_UNUSED_FUNCTION = YES;
				GCC_WARN_UNUSED_VARIABLE = YES;
				IPHONEOS_DEPLOYMENT_TARGET = 9.0;
				MTL_ENABLE_DEBUG_INFO = YES;
				ONLY_ACTIVE_ARCH = YES;
				SDKROOT = iphoneos;
				SWIFT_ACTIVE_COMPILATION_CONDITIONS = DEBUG;
				SWIFT_OPTIMIZATION_LEVEL = "-Onone";
				TARGETED_DEVICE_FAMILY = "1,2";
			};
			name = Debug;
		};
		79B1309F1DACF13500A2B8B0 /* Release */ = {
			isa = XCBuildConfiguration;
			buildSettings = {
				ALWAYS_SEARCH_USER_PATHS = NO;
				CLANG_ANALYZER_NONNULL = YES;
				CLANG_CXX_LANGUAGE_STANDARD = "gnu++0x";
				CLANG_CXX_LIBRARY = "libc++";
				CLANG_ENABLE_MODULES = YES;
				CLANG_ENABLE_OBJC_ARC = YES;
				CLANG_WARN_BOOL_CONVERSION = YES;
				CLANG_WARN_CONSTANT_CONVERSION = YES;
				CLANG_WARN_DIRECT_OBJC_ISA_USAGE = YES_ERROR;
				CLANG_WARN_DOCUMENTATION_COMMENTS = YES;
				CLANG_WARN_EMPTY_BODY = YES;
				CLANG_WARN_ENUM_CONVERSION = YES;
				CLANG_WARN_INFINITE_RECURSION = YES;
				CLANG_WARN_INT_CONVERSION = YES;
				CLANG_WARN_OBJC_ROOT_CLASS = YES_ERROR;
				CLANG_WARN_SUSPICIOUS_MOVES = YES;
				CLANG_WARN_UNREACHABLE_CODE = YES;
				CLANG_WARN__DUPLICATE_METHOD_MATCH = YES;
				"CODE_SIGN_IDENTITY[sdk=iphoneos*]" = "iPhone Developer";
				COPY_PHASE_STRIP = NO;
				DEBUG_INFORMATION_FORMAT = "dwarf-with-dsym";
				ENABLE_NS_ASSERTIONS = NO;
				ENABLE_STRICT_OBJC_MSGSEND = YES;
				GCC_C_LANGUAGE_STANDARD = gnu99;
				GCC_NO_COMMON_BLOCKS = YES;
				GCC_WARN_64_TO_32_BIT_CONVERSION = YES;
				GCC_WARN_ABOUT_RETURN_TYPE = YES_ERROR;
				GCC_WARN_UNDECLARED_SELECTOR = YES;
				GCC_WARN_UNINITIALIZED_AUTOS = YES_AGGRESSIVE;
				GCC_WARN_UNUSED_FUNCTION = YES;
				GCC_WARN_UNUSED_VARIABLE = YES;
				IPHONEOS_DEPLOYMENT_TARGET = 9.0;
				MTL_ENABLE_DEBUG_INFO = NO;
				SDKROOT = iphoneos;
				SWIFT_OPTIMIZATION_LEVEL = "-Owholemodule";
				TARGETED_DEVICE_FAMILY = "1,2";
				VALIDATE_PRODUCT = YES;
			};
			name = Release;
		};
		79B130A11DACF13500A2B8B0 /* Debug */ = {
			isa = XCBuildConfiguration;
			buildSettings = {
				ASSETCATALOG_COMPILER_APPICON_NAME = AppIcon;
				DEVELOPMENT_TEAM = KP79W26TNA;
				INFOPLIST_FILE = Rojak/Info.plist;
				IPHONEOS_DEPLOYMENT_TARGET = 9.0;
				LD_RUNPATH_SEARCH_PATHS = "$(inherited) @executable_path/Frameworks";
				PRODUCT_BUNDLE_IDENTIFIER = id.artificialintelligence.Rojak;
				PRODUCT_NAME = "$(TARGET_NAME)";
				SWIFT_VERSION = 3.0;
			};
			name = Debug;
		};
		79B130A21DACF13500A2B8B0 /* Release */ = {
			isa = XCBuildConfiguration;
			buildSettings = {
				ASSETCATALOG_COMPILER_APPICON_NAME = AppIcon;
				DEVELOPMENT_TEAM = KP79W26TNA;
				INFOPLIST_FILE = Rojak/Info.plist;
				IPHONEOS_DEPLOYMENT_TARGET = 9.0;
				LD_RUNPATH_SEARCH_PATHS = "$(inherited) @executable_path/Frameworks";
				PRODUCT_BUNDLE_IDENTIFIER = id.artificialintelligence.Rojak;
				PRODUCT_NAME = "$(TARGET_NAME)";
				SWIFT_VERSION = 3.0;
			};
			name = Release;
		};
		79B130A41DACF13500A2B8B0 /* Debug */ = {
			isa = XCBuildConfiguration;
			buildSettings = {
				ALWAYS_EMBED_SWIFT_STANDARD_LIBRARIES = YES;
				BUNDLE_LOADER = "$(TEST_HOST)";
				DEVELOPMENT_TEAM = KP79W26TNA;
				INFOPLIST_FILE = RojakTests/Info.plist;
				LD_RUNPATH_SEARCH_PATHS = "$(inherited) @executable_path/Frameworks @loader_path/Frameworks";
				PRODUCT_BUNDLE_IDENTIFIER = id.artificialintelligence.RojakTests;
				PRODUCT_NAME = "$(TARGET_NAME)";
				SWIFT_VERSION = 3.0;
				TEST_HOST = "$(BUILT_PRODUCTS_DIR)/Rojak.app/Rojak";
			};
			name = Debug;
		};
		79B130A51DACF13500A2B8B0 /* Release */ = {
			isa = XCBuildConfiguration;
			buildSettings = {
				ALWAYS_EMBED_SWIFT_STANDARD_LIBRARIES = YES;
				BUNDLE_LOADER = "$(TEST_HOST)";
				DEVELOPMENT_TEAM = KP79W26TNA;
				INFOPLIST_FILE = RojakTests/Info.plist;
				LD_RUNPATH_SEARCH_PATHS = "$(inherited) @executable_path/Frameworks @loader_path/Frameworks";
				PRODUCT_BUNDLE_IDENTIFIER = id.artificialintelligence.RojakTests;
				PRODUCT_NAME = "$(TARGET_NAME)";
				SWIFT_VERSION = 3.0;
				TEST_HOST = "$(BUILT_PRODUCTS_DIR)/Rojak.app/Rojak";
			};
			name = Release;
		};
		79B130A71DACF13500A2B8B0 /* Debug */ = {
			isa = XCBuildConfiguration;
			buildSettings = {
				ALWAYS_EMBED_SWIFT_STANDARD_LIBRARIES = YES;
				DEVELOPMENT_TEAM = KP79W26TNA;
				INFOPLIST_FILE = RojakUITests/Info.plist;
				LD_RUNPATH_SEARCH_PATHS = "$(inherited) @executable_path/Frameworks @loader_path/Frameworks";
				PRODUCT_BUNDLE_IDENTIFIER = id.artificialintelligence.RojakUITests;
				PRODUCT_NAME = "$(TARGET_NAME)";
				SWIFT_VERSION = 3.0;
				TEST_TARGET_NAME = Rojak;
			};
			name = Debug;
		};
		79B130A81DACF13500A2B8B0 /* Release */ = {
			isa = XCBuildConfiguration;
			buildSettings = {
				ALWAYS_EMBED_SWIFT_STANDARD_LIBRARIES = YES;
				DEVELOPMENT_TEAM = KP79W26TNA;
				INFOPLIST_FILE = RojakUITests/Info.plist;
				LD_RUNPATH_SEARCH_PATHS = "$(inherited) @executable_path/Frameworks @loader_path/Frameworks";
				PRODUCT_BUNDLE_IDENTIFIER = id.artificialintelligence.RojakUITests;
				PRODUCT_NAME = "$(TARGET_NAME)";
				SWIFT_VERSION = 3.0;
				TEST_TARGET_NAME = Rojak;
			};
			name = Release;
		};
/* End XCBuildConfiguration section */

/* Begin XCConfigurationList section */
		79B130731DACF13500A2B8B0 /* Build configuration list for PBXProject "Rojak" */ = {
			isa = XCConfigurationList;
			buildConfigurations = (
				79B1309E1DACF13500A2B8B0 /* Debug */,
				79B1309F1DACF13500A2B8B0 /* Release */,
			);
			defaultConfigurationIsVisible = 0;
			defaultConfigurationName = Release;
		};
		79B130A01DACF13500A2B8B0 /* Build configuration list for PBXNativeTarget "Rojak" */ = {
			isa = XCConfigurationList;
			buildConfigurations = (
				79B130A11DACF13500A2B8B0 /* Debug */,
				79B130A21DACF13500A2B8B0 /* Release */,
			);
			defaultConfigurationIsVisible = 0;
		};
		79B130A31DACF13500A2B8B0 /* Build configuration list for PBXNativeTarget "RojakTests" */ = {
			isa = XCConfigurationList;
			buildConfigurations = (
				79B130A41DACF13500A2B8B0 /* Debug */,
				79B130A51DACF13500A2B8B0 /* Release */,
			);
			defaultConfigurationIsVisible = 0;
		};
		79B130A61DACF13500A2B8B0 /* Build configuration list for PBXNativeTarget "RojakUITests" */ = {
			isa = XCConfigurationList;
			buildConfigurations = (
				79B130A71DACF13500A2B8B0 /* Debug */,
				79B130A81DACF13500A2B8B0 /* Release */,
			);
			defaultConfigurationIsVisible = 0;
		};
/* End XCConfigurationList section */
	};
	rootObject = 79B130701DACF13500A2B8B0 /* Project object */;
}
